
Microsoft Visual Studio Solution File, Format Version 12.00
# Visual Studio 15
VisualStudioVersion = 15.0.27004.2005
MinimumVisualStudioVersion = 10.0.40219.1
Project("{FAE04EC0-301F-11D3-BF4B-00C04F79EFBC}") = "TNTStewardProgram", "TNTStewardProgram\TNTStewardProgram.csproj", "{F03A22AF-F933-46A4-8DF1-8DB6258C7B8A}"
EndProject
Global
	GlobalSection(SolutionConfigurationPlatforms) = preSolution
		Debug|Any CPU = Debug|Any CPU
		Release|Any CPU = Release|Any CPU
	EndGlobalSection
	GlobalSection(ProjectConfigurationPlatforms) = postSolution
		{F03A22AF-F933-46A4-8DF1-8DB6258C7B8A}.Debug|Any CPU.ActiveCfg = Debug|Any CPU
		{F03A22AF-F933-46A4-8DF1-8DB6258C7B8A}.Debug|Any CPU.Build.0 = Debug|Any CPU
		{F03A22AF-F933-46A4-8DF1-8DB6258C7B8A}.Release|Any CPU.ActiveCfg = Release|Any CPU
		{F03A22AF-F933-46A4-8DF1-8DB6258C7B8A}.Release|Any CPU.Build.0 = Release|Any CPU
	EndGlobalSection
	GlobalSection(SolutionProperties) = preSolution
		HideSolutionNode = FALSE
	EndGlobalSection
	GlobalSection(ExtensibilityGlobals) = postSolution
		SolutionGuid = {A4A2D859-B93C-471D-88E1-838C20059FED}
	EndGlobalSection
EndGlobal
